
Microsoft Visual Studio Solution File, Format Version 12.00
# Visual Studio Version 16
VisualStudioVersion = 16.0.31105.61
MinimumVisualStudioVersion = 10.0.40219.1
Project("{FAE04EC0-301F-11D3-BF4B-00C04F79EFBC}") = "CircusTrein", "CircusTrein\CircusTrein.csproj", "{CE280AB9-E35C-4826-A133-849AF4D151F9}"
EndProject
Project("{FAE04EC0-301F-11D3-BF4B-00C04F79EFBC}") = "CircusTest", "CircusTest\CircusTest.csproj", "{01F3E515-C5C6-4B34-A1AD-9B38AEDDADAF}"
EndProject
Global
	GlobalSection(SolutionConfigurationPlatforms) = preSolution
		Debug|Any CPU = Debug|Any CPU
		Release|Any CPU = Release|Any CPU
	EndGlobalSection
	GlobalSection(ProjectConfigurationPlatforms) = postSolution
		{CE280AB9-E35C-4826-A133-849AF4D151F9}.Debug|Any CPU.ActiveCfg = Debug|Any CPU
		{CE280AB9-E35C-4826-A133-849AF4D151F9}.Debug|Any CPU.Build.0 = Debug|Any CPU
		{CE280AB9-E35C-4826-A133-849AF4D151F9}.Release|Any CPU.ActiveCfg = Release|Any CPU
		{CE280AB9-E35C-4826-A133-849AF4D151F9}.Release|Any CPU.Build.0 = Release|Any CPU
		{01F3E515-C5C6-4B34-A1AD-9B38AEDDADAF}.Debug|Any CPU.ActiveCfg = Debug|Any CPU
		{01F3E515-C5C6-4B34-A1AD-9B38AEDDADAF}.Debug|Any CPU.Build.0 = Debug|Any CPU
		{01F3E515-C5C6-4B34-A1AD-9B38AEDDADAF}.Release|Any CPU.ActiveCfg = Release|Any CPU
		{01F3E515-C5C6-4B34-A1AD-9B38AEDDADAF}.Release|Any CPU.Build.0 = Release|Any CPU
	EndGlobalSection
	GlobalSection(SolutionProperties) = preSolution
		HideSolutionNode = FALSE
	EndGlobalSection
	GlobalSection(ExtensibilityGlobals) = postSolution
		SolutionGuid = {097CD43F-6ABD-45E8-841E-9A42FCA49CBD}
	EndGlobalSection
EndGlobal
